
Microsoft Visual Studio Solution File, Format Version 12.00
# Visual Studio Version 17
VisualStudioVersion = 17.11.35327.3
MinimumVisualStudioVersion = 10.0.40219.1
Project("{9A19103F-16F7-4668-BE54-9A1E7A4F7556}") = "MAUI_Aeropuertos", "MAUI_Aeropuertos.csproj", "{4D77D0C2-D154-4A77-BDF8-AD4687249539}"
EndProject
Global
	GlobalSection(SolutionConfigurationPlatforms) = preSolution
		Debug|Any CPU = Debug|Any CPU
		Release|Any CPU = Release|Any CPU
	EndGlobalSection
	GlobalSection(ProjectConfigurationPlatforms) = postSolution
		{4D77D0C2-D154-4A77-BDF8-AD4687249539}.Debug|Any CPU.ActiveCfg = Debug|Any CPU
		{4D77D0C2-D154-4A77-BDF8-AD4687249539}.Debug|Any CPU.Build.0 = Debug|Any CPU
		{4D77D0C2-D154-4A77-BDF8-AD4687249539}.Debug|Any CPU.Deploy.0 = Debug|Any CPU
		{4D77D0C2-D154-4A77-BDF8-AD4687249539}.Release|Any CPU.ActiveCfg = Release|Any CPU
		{4D77D0C2-D154-4A77-BDF8-AD4687249539}.Release|Any CPU.Build.0 = Release|Any CPU
		{4D77D0C2-D154-4A77-BDF8-AD4687249539}.Release|Any CPU.Deploy.0 = Release|Any CPU
	EndGlobalSection
	GlobalSection(SolutionProperties) = preSolution
		HideSolutionNode = FALSE
	EndGlobalSection
	GlobalSection(ExtensibilityGlobals) = postSolution
		SolutionGuid = {55A36104-6230-45FC-AADF-FF11A4542752}
	EndGlobalSection
EndGlobal
